
Microsoft Visual Studio Solution File, Format Version 12.00
# Visual Studio Version 16
VisualStudioVersion = 25.0.1704.3
MinimumVisualStudioVersion = 10.0.40219.1
Project("{FAE04EC0-301F-11D3-BF4B-00C04F79EFBC}") = "Morgan_Bank", "Morgan_Bank\Morgan_Bank.csproj", "{5CF5046D-055A-411A-9EAF-09AF8E81DF77}"
EndProject
Global
	GlobalSection(SolutionConfigurationPlatforms) = preSolution
		Debug|Any CPU = Debug|Any CPU
		Release|Any CPU = Release|Any CPU
	EndGlobalSection
	GlobalSection(ProjectConfigurationPlatforms) = postSolution
		{5CF5046D-055A-411A-9EAF-09AF8E81DF77}.Debug|Any CPU.ActiveCfg = Debug|Any CPU
		{5CF5046D-055A-411A-9EAF-09AF8E81DF77}.Debug|Any CPU.Build.0 = Debug|Any CPU
		{5CF5046D-055A-411A-9EAF-09AF8E81DF77}.Release|Any CPU.ActiveCfg = Release|Any CPU
		{5CF5046D-055A-411A-9EAF-09AF8E81DF77}.Release|Any CPU.Build.0 = Release|Any CPU
	EndGlobalSection
	GlobalSection(SolutionProperties) = preSolution
		HideSolutionNode = FALSE
	EndGlobalSection
	GlobalSection(ExtensibilityGlobals) = postSolution
		SolutionGuid = {223D7FD9-CF06-4DA0-BAB0-842320F1FDE2}
	EndGlobalSection
EndGlobal
